
Microsoft Visual Studio Solution File, Format Version 12.00
# Visual Studio Version 16
VisualStudioVersion = 16.0.30523.141
MinimumVisualStudioVersion = 10.0.40219.1
Project("{9A19103F-16F7-4668-BE54-9A1E7A4F7556}") = "GUI", "GUI\GUI.csproj", "{FC2F99B0-E49E-45E2-AFEB-BC3D72FAFBF3}"
EndProject
Project("{FAE04EC0-301F-11D3-BF4B-00C04F79EFBC}") = "DTO", "DTO\DTO.csproj", "{0E6977AC-0813-426D-B884-1DCB4B78AFBA}"
EndProject
Project("{FAE04EC0-301F-11D3-BF4B-00C04F79EFBC}") = "Utility", "Utility\Utility.csproj", "{DBD09D3D-9B70-497B-890F-836DBDC3C51C}"
EndProject
Project("{FAE04EC0-301F-11D3-BF4B-00C04F79EFBC}") = "DAL", "DAL\DAL.csproj", "{EB2181A7-4910-446A-B50C-46A0FEC58D92}"
EndProject
Project("{FAE04EC0-301F-11D3-BF4B-00C04F79EFBC}") = "BUS", "BUS\BUS.csproj", "{67B3842F-21DC-4C54-B992-0E1B7C5B15B5}"
EndProject
Global
	GlobalSection(SolutionConfigurationPlatforms) = preSolution
		Debug|Any CPU = Debug|Any CPU
		Release|Any CPU = Release|Any CPU
	EndGlobalSection
	GlobalSection(ProjectConfigurationPlatforms) = postSolution
		{FC2F99B0-E49E-45E2-AFEB-BC3D72FAFBF3}.Debug|Any CPU.ActiveCfg = Debug|Any CPU
		{FC2F99B0-E49E-45E2-AFEB-BC3D72FAFBF3}.Debug|Any CPU.Build.0 = Debug|Any CPU
		{FC2F99B0-E49E-45E2-AFEB-BC3D72FAFBF3}.Release|Any CPU.ActiveCfg = Release|Any CPU
		{FC2F99B0-E49E-45E2-AFEB-BC3D72FAFBF3}.Release|Any CPU.Build.0 = Release|Any CPU
		{0E6977AC-0813-426D-B884-1DCB4B78AFBA}.Debug|Any CPU.ActiveCfg = Debug|Any CPU
		{0E6977AC-0813-426D-B884-1DCB4B78AFBA}.Debug|Any CPU.Build.0 = Debug|Any CPU
		{0E6977AC-0813-426D-B884-1DCB4B78AFBA}.Release|Any CPU.ActiveCfg = Release|Any CPU
		{0E6977AC-0813-426D-B884-1DCB4B78AFBA}.Release|Any CPU.Build.0 = Release|Any CPU
		{DBD09D3D-9B70-497B-890F-836DBDC3C51C}.Debug|Any CPU.ActiveCfg = Debug|Any CPU
		{DBD09D3D-9B70-497B-890F-836DBDC3C51C}.Debug|Any CPU.Build.0 = Debug|Any CPU
		{DBD09D3D-9B70-497B-890F-836DBDC3C51C}.Release|Any CPU.ActiveCfg = Release|Any CPU
		{DBD09D3D-9B70-497B-890F-836DBDC3C51C}.Release|Any CPU.Build.0 = Release|Any CPU
		{EB2181A7-4910-446A-B50C-46A0FEC58D92}.Debug|Any CPU.ActiveCfg = Debug|Any CPU
		{EB2181A7-4910-446A-B50C-46A0FEC58D92}.Debug|Any CPU.Build.0 = Debug|Any CPU
		{EB2181A7-4910-446A-B50C-46A0FEC58D92}.Release|Any CPU.ActiveCfg = Release|Any CPU
		{EB2181A7-4910-446A-B50C-46A0FEC58D92}.Release|Any CPU.Build.0 = Release|Any CPU
		{67B3842F-21DC-4C54-B992-0E1B7C5B15B5}.Debug|Any CPU.ActiveCfg = Debug|Any CPU
		{67B3842F-21DC-4C54-B992-0E1B7C5B15B5}.Debug|Any CPU.Build.0 = Debug|Any CPU
		{67B3842F-21DC-4C54-B992-0E1B7C5B15B5}.Release|Any CPU.ActiveCfg = Release|Any CPU
		{67B3842F-21DC-4C54-B992-0E1B7C5B15B5}.Release|Any CPU.Build.0 = Release|Any CPU
	EndGlobalSection
	GlobalSection(SolutionProperties) = preSolution
		HideSolutionNode = FALSE
	EndGlobalSection
	GlobalSection(ExtensibilityGlobals) = postSolution
		SolutionGuid = {D2A18DA3-3EB0-4BAB-9890-95CA4293BC24}
	EndGlobalSection
EndGlobal
